// !$*UTF8*$!
{
	archiveVersion = 1;
	classes = {
	};
	objectVersion = 77;
	objects = {

/* Begin PBXContainerItemProxy section */
		3D6F67702DE3853E009CBEE4 /* PBXContainerItemProxy */ = {
			isa = PBXContainerItemProxy;
			containerPortal = 3D6F67572DE3853C009CBEE4 /* Project object */;
			proxyType = 1;
			remoteGlobalIDString = 3D6F675E2DE3853C009CBEE4;
			remoteInfo = MetalStudy;
		};
		3D6F677A2DE3853E009CBEE4 /* PBXContainerItemProxy */ = {
			isa = PBXContainerItemProxy;
			containerPortal = 3D6F67572DE3853C009CBEE4 /* Project object */;
			proxyType = 1;
			remoteGlobalIDString = 3D6F675E2DE3853C009CBEE4;
			remoteInfo = MetalStudy;
		};
/* End PBXContainerItemProxy section */

/* Begin PBXFileReference section */
		3D6F675F2DE3853C009CBEE4 /* MetalStudy.app */ = {isa = PBXFileReference; explicitFileType = wrapper.application; includeInIndex = 0; path = MetalStudy.app; sourceTree = BUILT_PRODUCTS_DIR; };
		3D6F676F2DE3853E009CBEE4 /* MetalStudyTests.xctest */ = {isa = PBXFileReference; explicitFileType = wrapper.cfbundle; includeInIndex = 0; path = MetalStudyTests.xctest; sourceTree = BUILT_PRODUCTS_DIR; };
		3D6F67792DE3853E009CBEE4 /* MetalStudyUITests.xctest */ = {isa = PBXFileReference; explicitFileType = wrapper.cfbundle; includeInIndex = 0; path = MetalStudyUITests.xctest; sourceTree = BUILT_PRODUCTS_DIR; };
/* End PBXFileReference section */

/* Begin PBXFileSystemSynchronizedRootGroup section */
		3D6F67612DE3853C009CBEE4 /* MetalStudy */ = {
			isa = PBXFileSystemSynchronizedRootGroup;
			path = MetalStudy;
			sourceTree = "<group>";
		};
		3D6F67722DE3853E009CBEE4 /* MetalStudyTests */ = {
			isa = PBXFileSystemSynchronizedRootGroup;
			path = MetalStudyTests;
			sourceTree = "<group>";
		};
		3D6F677C2DE3853E009CBEE4 /* MetalStudyUITests */ = {
			isa = PBXFileSystemSynchronizedRootGroup;
			path = MetalStudyUITests;
			sourceTree = "<group>";
		};
/* End PBXFileSystemSynchronizedRootGroup section */

/* Begin PBXFrameworksBuildPhase section */
		3D6F675C2DE3853C009CBEE4 /* Frameworks */ = {
			isa = PBXFrameworksBuildPhase;
			buildActionMask = 2147483647;
			files = (
			);
			runOnlyForDeploymentPostprocessing = 0;
		};
		3D6F676C2DE3853E009CBEE4 /* Frameworks */ = {
			isa = PBXFrameworksBuildPhase;
			buildActionMask = 2147483647;
			files = (
			);
			runOnlyForDeploymentPostprocessing = 0;
		};
		3D6F67762DE3853E009CBEE4 /* Frameworks */ = {
			isa = PBXFrameworksBuildPhase;
			buildActionMask = 2147483647;
			files = (
			);
			runOnlyForDeploymentPostprocessing = 0;
		};
/* End PBXFrameworksBuildPhase section */

/* Begin PBXGroup section */
		3D6F67562DE3853C009CBEE4 = {
			isa = PBXGroup;
			children = (
				3D6F67612DE3853C009CBEE4 /* MetalStudy */,
				3D6F67722DE3853E009CBEE4 /* MetalStudyTests */,
				3D6F677C2DE3853E009CBEE4 /* MetalStudyUITests */,
				3D6F67602DE3853C009CBEE4 /* Products */,
			);
			sourceTree = "<group>";
		};
		3D6F67602DE3853C009CBEE4 /* Products */ = {
			isa = PBXGroup;
			children = (
				3D6F675F2DE3853C009CBEE4 /* MetalStudy.app */,
				3D6F676F2DE3853E009CBEE4 /* MetalStudyTests.xctest */,
				3D6F67792DE3853E009CBEE4 /* MetalStudyUITests.xctest */,
			);
			name = Products;
			sourceTree = "<group>";
		};
/* End PBXGroup section */

/* Begin PBXNativeTarget section */
		3D6F675E2DE3853C009CBEE4 /* MetalStudy */ = {
			isa = PBXNativeTarget;
			buildConfigurationList = 3D6F67832DE3853E009CBEE4 /* Build configuration list for PBXNativeTarget "MetalStudy" */;
			buildPhases = (
				3D6F675B2DE3853C009CBEE4 /* Sources */,
				3D6F675C2DE3853C009CBEE4 /* Frameworks */,
				3D6F675D2DE3853C009CBEE4 /* Resources */,
			);
			buildRules = (
			);
			dependencies = (
			);
			fileSystemSynchronizedGroups = (
				3D6F67612DE3853C009CBEE4 /* MetalStudy */,
			);
			name = MetalStudy;
			packageProductDependencies = (
			);
			productName = MetalStudy;
			productReference = 3D6F675F2DE3853C009CBEE4 /* MetalStudy.app */;
			productType = "com.apple.product-type.application";
		};
		3D6F676E2DE3853E009CBEE4 /* MetalStudyTests */ = {
			isa = PBXNativeTarget;
			buildConfigurationList = 3D6F67862DE3853E009CBEE4 /* Build configuration list for PBXNativeTarget "MetalStudyTests" */;
			buildPhases = (
				3D6F676B2DE3853E009CBEE4 /* Sources */,
				3D6F676C2DE3853E009CBEE4 /* Frameworks */,
				3D6F676D2DE3853E009CBEE4 /* Resources */,
			);
			buildRules = (
			);
			dependencies = (
				3D6F67712DE3853E009CBEE4 /* PBXTargetDependency */,
			);
			fileSystemSynchronizedGroups = (
				3D6F67722DE3853E009CBEE4 /* MetalStudyTests */,
			);
			name = MetalStudyTests;
			packageProductDependencies = (
			);
			productName = MetalStudyTests;
			productReference = 3D6F676F2DE3853E009CBEE4 /* MetalStudyTests.xctest */;
			productType = "com.apple.product-type.bundle.unit-test";
		};
		3D6F67782DE3853E009CBEE4 /* MetalStudyUITests */ = {
			isa = PBXNativeTarget;
			buildConfigurationList = 3D6F67892DE3853E009CBEE4 /* Build configuration list for PBXNativeTarget "MetalStudyUITests" */;
			buildPhases = (
				3D6F67752DE3853E009CBEE4 /* Sources */,
				3D6F67762DE3853E009CBEE4 /* Frameworks */,
				3D6F67772DE3853E009CBEE4 /* Resources */,
			);
			buildRules = (
			);
			dependencies = (
				3D6F677B2DE3853E009CBEE4 /* PBXTargetDependency */,
			);
			fileSystemSynchronizedGroups = (
				3D6F677C2DE3853E009CBEE4 /* MetalStudyUITests */,
			);
			name = MetalStudyUITests;
			packageProductDependencies = (
			);
			productName = MetalStudyUITests;
			productReference = 3D6F67792DE3853E009CBEE4 /* MetalStudyUITests.xctest */;
			productType = "com.apple.product-type.bundle.ui-testing";
		};
/* End PBXNativeTarget section */

/* Begin PBXProject section */
		3D6F67572DE3853C009CBEE4 /* Project object */ = {
			isa = PBXProject;
			attributes = {
				BuildIndependentTargetsInParallel = 1;
				LastSwiftUpdateCheck = 1620;
				LastUpgradeCheck = 1620;
				TargetAttributes = {
					3D6F675E2DE3853C009CBEE4 = {
						CreatedOnToolsVersion = 16.2;
					};
					3D6F676E2DE3853E009CBEE4 = {
						CreatedOnToolsVersion = 16.2;
						TestTargetID = 3D6F675E2DE3853C009CBEE4;
					};
					3D6F67782DE3853E009CBEE4 = {
						CreatedOnToolsVersion = 16.2;
						TestTargetID = 3D6F675E2DE3853C009CBEE4;
					};
				};
			};
			buildConfigurationList = 3D6F675A2DE3853C009CBEE4 /* Build configuration list for PBXProject "MetalStudy" */;
			developmentRegion = en;
			hasScannedForEncodings = 0;
			knownRegions = (
				en,
				Base,
			);
			mainGroup = 3D6F67562DE3853C009CBEE4;
			minimizedProjectReferenceProxies = 1;
			preferredProjectObjectVersion = 77;
			productRefGroup = 3D6F67602DE3853C009CBEE4 /* Products */;
			projectDirPath = "";
			projectRoot = "";
			targets = (
				3D6F675E2DE3853C009CBEE4 /* MetalStudy */,
				3D6F676E2DE3853E009CBEE4 /* MetalStudyTests */,
				3D6F67782DE3853E009CBEE4 /* MetalStudyUITests */,
			);
		};
/* End PBXProject section */

/* Begin PBXResourcesBuildPhase section */
		3D6F675D2DE3853C009CBEE4 /* Resources */ = {
			isa = PBXResourcesBuildPhase;
			buildActionMask = 2147483647;
			files = (
			);
			runOnlyForDeploymentPostprocessing = 0;
		};
		3D6F676D2DE3853E009CBEE4 /* Resources */ = {
			isa = PBXResourcesBuildPhase;
			buildActionMask = 2147483647;
			files = (
			);
			runOnlyForDeploymentPostprocessing = 0;
		};
		3D6F67772DE3853E009CBEE4 /* Resources */ = {
			isa = PBXResourcesBuildPhase;
			buildActionMask = 2147483647;
			files = (
			);
			runOnlyForDeploymentPostprocessing = 0;
		};
/* End PBXResourcesBuildPhase section */

/* Begin PBXSourcesBuildPhase section */
		3D6F675B2DE3853C009CBEE4 /* Sources */ = {
			isa = PBXSourcesBuildPhase;
			buildActionMask = 2147483647;
			files = (
			);
			runOnlyForDeploymentPostprocessing = 0;
		};
		3D6F676B2DE3853E009CBEE4 /* Sources */ = {
			isa = PBXSourcesBuildPhase;
			buildActionMask = 2147483647;
			files = (
			);
			runOnlyForDeploymentPostprocessing = 0;
		};
		3D6F67752DE3853E009CBEE4 /* Sources */ = {
			isa = PBXSourcesBuildPhase;
			buildActionMask = 2147483647;
			files = (
			);
			runOnlyForDeploymentPostprocessing = 0;
		};
/* End PBXSourcesBuildPhase section */

/* Begin PBXTargetDependency section */
		3D6F67712DE3853E009CBEE4 /* PBXTargetDependency */ = {
			isa = PBXTargetDependency;
			target = 3D6F675E2DE3853C009CBEE4 /* MetalStudy */;
			targetProxy = 3D6F67702DE3853E009CBEE4 /* PBXContainerItemProxy */;
		};
		3D6F677B2DE3853E009CBEE4 /* PBXTargetDependency */ = {
			isa = PBXTargetDependency;
			target = 3D6F675E2DE3853C009CBEE4 /* MetalStudy */;
			targetProxy = 3D6F677A2DE3853E009CBEE4 /* PBXContainerItemProxy */;
		};
/* End PBXTargetDependency section */

/* Begin XCBuildConfiguration section */
		3D6F67812DE3853E009CBEE4 /* Debug */ = {
			isa = XCBuildConfiguration;
			buildSettings = {
				ALWAYS_SEARCH_USER_PATHS = NO;
				ASSETCATALOG_COMPILER_GENERATE_SWIFT_ASSET_SYMBOL_EXTENSIONS = YES;
				CLANG_ANALYZER_NONNULL = YES;
				CLANG_ANALYZER_NUMBER_OBJECT_CONVERSION = YES_AGGRESSIVE;
				CLANG_CXX_LANGUAGE_STANDARD = "gnu++20";
				CLANG_ENABLE_MODULES = YES;
				CLANG_ENABLE_OBJC_ARC = YES;
				CLANG_ENABLE_OBJC_WEAK = YES;
				CLANG_WARN_BLOCK_CAPTURE_AUTORELEASING = YES;
				CLANG_WARN_BOOL_CONVERSION = YES;
				CLANG_WARN_COMMA = YES;
				CLANG_WARN_CONSTANT_CONVERSION = YES;
				CLANG_WARN_DEPRECATED_OBJC_IMPLEMENTATIONS = YES;
				CLANG_WARN_DIRECT_OBJC_ISA_USAGE = YES_ERROR;
				CLANG_WARN_DOCUMENTATION_COMMENTS = YES;
				CLANG_WARN_EMPTY_BODY = YES;
				CLANG_WARN_ENUM_CONVERSION = YES;
				CLANG_WARN_INFINITE_RECURSION = YES;
				CLANG_WARN_INT_CONVERSION = YES;
				CLANG_WARN_NON_LITERAL_NULL_CONVERSION = YES;
				CLANG_WARN_OBJC_IMPLICIT_RETAIN_SELF = YES;
				CLANG_WARN_OBJC_LITERAL_CONVERSION = YES;
				CLANG_WARN_OBJC_ROOT_CLASS = YES_ERROR;
				CLANG_WARN_QUOTED_INCLUDE_IN_FRAMEWORK_HEADER = YES;
				CLANG_WARN_RANGE_LOOP_ANALYSIS = YES;
				CLANG_WARN_STRICT_PROTOTYPES = YES;
				CLANG_WARN_SUSPICIOUS_MOVE = YES;
				CLANG_WARN_UNGUARDED_AVAILABILITY = YES_AGGRESSIVE;
				CLANG_WARN_UNREACHABLE_CODE = YES;
				CLANG_WARN__DUPLICATE_METHOD_MATCH = YES;
				COPY_PHASE_STRIP = NO;
				DEBUG_INFORMATION_FORMAT = dwarf;
				ENABLE_STRICT_OBJC_MSGSEND = YES;
				ENABLE_TESTABILITY = YES;
				ENABLE_USER_SCRIPT_SANDBOXING = YES;
				GCC_C_LANGUAGE_STANDARD = gnu17;
				GCC_DYNAMIC_NO_PIC = NO;
				GCC_NO_COMMON_BLOCKS = YES;
				GCC_OPTIMIZATION_LEVEL = 0;
				GCC_PREPROCESSOR_DEFINITIONS = (
					"DEBUG=1",
					"$(inherited)",
				);
				GCC_WARN_64_TO_32_BIT_CONVERSION = YES;
				GCC_WARN_ABOUT_RETURN_TYPE = YES_ERROR;
				GCC_WARN_UNDECLARED_SELECTOR = YES;
				GCC_WARN_UNINITIALIZED_AUTOS = YES_AGGRESSIVE;
				GCC_WARN_UNUSED_FUNCTION = YES;
				GCC_WARN_UNUSED_VARIABLE = YES;
				IPHONEOS_DEPLOYMENT_TARGET = 18.2;
				LOCALIZATION_PREFERS_STRING_CATALOGS = YES;
				MTL_ENABLE_DEBUG_INFO = INCLUDE_SOURCE;
				MTL_FAST_MATH = YES;
				ONLY_ACTIVE_ARCH = YES;
				SDKROOT = iphoneos;
				SWIFT_ACTIVE_COMPILATION_CONDITIONS = "DEBUG $(inherited)";
				SWIFT_OPTIMIZATION_LEVEL = "-Onone";
			};
			name = Debug;
		};
		3D6F67822DE3853E009CBEE4 /* Release */ = {
			isa = XCBuildConfiguration;
			buildSettings = {
				ALWAYS_SEARCH_USER_PATHS = NO;
				ASSETCATALOG_COMPILER_GENERATE_SWIFT_ASSET_SYMBOL_EXTENSIONS = YES;
				CLANG_ANALYZER_NONNULL = YES;
				CLANG_ANALYZER_NUMBER_OBJECT_CONVERSION = YES_AGGRESSIVE;
				CLANG_CXX_LANGUAGE_STANDARD = "gnu++20";
				CLANG_ENABLE_MODULES = YES;
				CLANG_ENABLE_OBJC_ARC = YES;
				CLANG_ENABLE_OBJC_WEAK = YES;
				CLANG_WARN_BLOCK_CAPTURE_AUTORELEASING = YES;
				CLANG_WARN_BOOL_CONVERSION = YES;
				CLANG_WARN_COMMA = YES;
				CLANG_WARN_CONSTANT_CONVERSION = YES;
				CLANG_WARN_DEPRECATED_OBJC_IMPLEMENTATIONS = YES;
				CLANG_WARN_DIRECT_OBJC_ISA_USAGE = YES_ERROR;
				CLANG_WARN_DOCUMENTATION_COMMENTS = YES;
				CLANG_WARN_EMPTY_BODY = YES;
				CLANG_WARN_ENUM_CONVERSION = YES;
				CLANG_WARN_INFINITE_RECURSION = YES;
				CLANG_WARN_INT_CONVERSION = YES;
				CLANG_WARN_NON_LITERAL_NULL_CONVERSION = YES;
				CLANG_WARN_OBJC_IMPLICIT_RETAIN_SELF = YES;
				CLANG_WARN_OBJC_LITERAL_CONVERSION = YES;
				CLANG_WARN_OBJC_ROOT_CLASS = YES_ERROR;
				CLANG_WARN_QUOTED_INCLUDE_IN_FRAMEWORK_HEADER = YES;
				CLANG_WARN_RANGE_LOOP_ANALYSIS = YES;
				CLANG_WARN_STRICT_PROTOTYPES = YES;
				CLANG_WARN_SUSPICIOUS_MOVE = YES;
				CLANG_WARN_UNGUARDED_AVAILABILITY = YES_AGGRESSIVE;
				CLANG_WARN_UNREACHABLE_CODE = YES;
				CLANG_WARN__DUPLICATE_METHOD_MATCH = YES;
				COPY_PHASE_STRIP = NO;
				DEBUG_INFORMATION_FORMAT = "dwarf-with-dsym";
				ENABLE_NS_ASSERTIONS = NO;
				ENABLE_STRICT_OBJC_MSGSEND = YES;
				ENABLE_USER_SCRIPT_SANDBOXING = YES;
				GCC_C_LANGUAGE_STANDARD = gnu17;
				GCC_NO_COMMON_BLOCKS = YES;
				GCC_WARN_64_TO_32_BIT_CONVERSION = YES;
				GCC_WARN_ABOUT_RETURN_TYPE = YES_ERROR;
				GCC_WARN_UNDECLARED_SELECTOR = YES;
				GCC_WARN_UNINITIALIZED_AUTOS = YES_AGGRESSIVE;
				GCC_WARN_UNUSED_FUNCTION = YES;
				GCC_WARN_UNUSED_VARIABLE = YES;
				IPHONEOS_DEPLOYMENT_TARGET = 18.2;
				LOCALIZATION_PREFERS_STRING_CATALOGS = YES;
				MTL_ENABLE_DEBUG_INFO = NO;
				MTL_FAST_MATH = YES;
				SDKROOT = iphoneos;
				SWIFT_COMPILATION_MODE = wholemodule;
				VALIDATE_PRODUCT = YES;
			};
			name = Release;
		};
		3D6F67842DE3853E009CBEE4 /* Debug */ = {
			isa = XCBuildConfiguration;
			buildSettings = {
				ASSETCATALOG_COMPILER_APPICON_NAME = AppIcon;
				ASSETCATALOG_COMPILER_GLOBAL_ACCENT_COLOR_NAME = AccentColor;
				CODE_SIGN_STYLE = Automatic;
				CURRENT_PROJECT_VERSION = 1;
				DEVELOPMENT_ASSET_PATHS = "\"MetalStudy/Preview Content\"";
				DEVELOPMENT_TEAM = XS9UN8F2AX;
				ENABLE_PREVIEWS = YES;
				GENERATE_INFOPLIST_FILE = YES;
				INFOPLIST_KEY_UIApplicationSceneManifest_Generation = YES;
				INFOPLIST_KEY_UIApplicationSupportsIndirectInputEvents = YES;
				INFOPLIST_KEY_UILaunchScreen_Generation = YES;
				INFOPLIST_KEY_UISupportedInterfaceOrientations_iPad = "UIInterfaceOrientationPortrait UIInterfaceOrientationPortraitUpsideDown UIInterfaceOrientationLandscapeLeft UIInterfaceOrientationLandscapeRight";
				INFOPLIST_KEY_UISupportedInterfaceOrientations_iPhone = "UIInterfaceOrientationPortrait UIInterfaceOrientationLandscapeLeft UIInterfaceOrientationLandscapeRight";
				LD_RUNPATH_SEARCH_PATHS = (
					"$(inherited)",
					"@executable_path/Frameworks",
				);
				MARKETING_VERSION = 1.0;
				PRODUCT_BUNDLE_IDENTIFIER = com.youngtaek.MetalStudy;
				PRODUCT_NAME = "$(TARGET_NAME)";
				SWIFT_EMIT_LOC_STRINGS = YES;
				SWIFT_VERSION = 5.0;
				TARGETED_DEVICE_FAMILY = "1,2";
			};
			name = Debug;
		};
		3D6F67852DE3853E009CBEE4 /* Release */ = {
			isa = XCBuildConfiguration;
			buildSettings = {
				ASSETCATALOG_COMPILER_APPICON_NAME = AppIcon;
				ASSETCATALOG_COMPILER_GLOBAL_ACCENT_COLOR_NAME = AccentColor;
				CODE_SIGN_STYLE = Automatic;
				CURRENT_PROJECT_VERSION = 1;
				DEVELOPMENT_ASSET_PATHS = "\"MetalStudy/Preview Content\"";
				DEVELOPMENT_TEAM = XS9UN8F2AX;
				ENABLE_PREVIEWS = YES;
				GENERATE_INFOPLIST_FILE = YES;
				INFOPLIST_KEY_UIApplicationSceneManifest_Generation = YES;
				INFOPLIST_KEY_UIApplicationSupportsIndirectInputEvents = YES;
				INFOPLIST_KEY_UILaunchScreen_Generation = YES;
				INFOPLIST_KEY_UISupportedInterfaceOrientations_iPad = "UIInterfaceOrientationPortrait UIInterfaceOrientationPortraitUpsideDown UIInterfaceOrientationLandscapeLeft UIInterfaceOrientationLandscapeRight";
				INFOPLIST_KEY_UISupportedInterfaceOrientations_iPhone = "UIInterfaceOrientationPortrait UIInterfaceOrientationLandscapeLeft UIInterfaceOrientationLandscapeRight";
				LD_RUNPATH_SEARCH_PATHS = (
					"$(inherited)",
					"@executable_path/Frameworks",
				);
				MARKETING_VERSION = 1.0;
				PRODUCT_BUNDLE_IDENTIFIER = com.youngtaek.MetalStudy;
				PRODUCT_NAME = "$(TARGET_NAME)";
				SWIFT_EMIT_LOC_STRINGS = YES;
				SWIFT_VERSION = 5.0;
				TARGETED_DEVICE_FAMILY = "1,2";
			};
			name = Release;
		};
		3D6F67872DE3853E009CBEE4 /* Debug */ = {
			isa = XCBuildConfiguration;
			buildSettings = {
				BUNDLE_LOADER = "$(TEST_HOST)";
				CODE_SIGN_STYLE = Automatic;
				CURRENT_PROJECT_VERSION = 1;
				DEVELOPMENT_TEAM = XS9UN8F2AX;
				GENERATE_INFOPLIST_FILE = YES;
				IPHONEOS_DEPLOYMENT_TARGET = 18.2;
				MARKETING_VERSION = 1.0;
				PRODUCT_BUNDLE_IDENTIFIER = com.youngtaek.MetalStudyTests;
				PRODUCT_NAME = "$(TARGET_NAME)";
				SWIFT_EMIT_LOC_STRINGS = NO;
				SWIFT_VERSION = 5.0;
				TARGETED_DEVICE_FAMILY = "1,2";
				TEST_HOST = "$(BUILT_PRODUCTS_DIR)/MetalStudy.app/$(BUNDLE_EXECUTABLE_FOLDER_PATH)/MetalStudy";
			};
			name = Debug;
		};
		3D6F67882DE3853E009CBEE4 /* Release */ = {
			isa = XCBuildConfiguration;
			buildSettings = {
				BUNDLE_LOADER = "$(TEST_HOST)";
				CODE_SIGN_STYLE = Automatic;
				CURRENT_PROJECT_VERSION = 1;
				DEVELOPMENT_TEAM = XS9UN8F2AX;
				GENERATE_INFOPLIST_FILE = YES;
				IPHONEOS_DEPLOYMENT_TARGET = 18.2;
				MARKETING_VERSION = 1.0;
				PRODUCT_BUNDLE_IDENTIFIER = com.youngtaek.MetalStudyTests;
				PRODUCT_NAME = "$(TARGET_NAME)";
				SWIFT_EMIT_LOC_STRINGS = NO;
				SWIFT_VERSION = 5.0;
				TARGETED_DEVICE_FAMILY = "1,2";
				TEST_HOST = "$(BUILT_PRODUCTS_DIR)/MetalStudy.app/$(BUNDLE_EXECUTABLE_FOLDER_PATH)/MetalStudy";
			};
			name = Release;
		};
		3D6F678A2DE3853E009CBEE4 /* Debug */ = {
			isa = XCBuildConfiguration;
			buildSettings = {
				CODE_SIGN_STYLE = Automatic;
				CURRENT_PROJECT_VERSION = 1;
				DEVELOPMENT_TEAM = XS9UN8F2AX;
				GENERATE_INFOPLIST_FILE = YES;
				MARKETING_VERSION = 1.0;
				PRODUCT_BUNDLE_IDENTIFIER = com.youngtaek.MetalStudyUITests;
				PRODUCT_NAME = "$(TARGET_NAME)";
				SWIFT_EMIT_LOC_STRINGS = NO;
				SWIFT_VERSION = 5.0;
				TARGETED_DEVICE_FAMILY = "1,2";
				TEST_TARGET_NAME = MetalStudy;
			};
			name = Debug;
		};
		3D6F678B2DE3853E009CBEE4 /* Release */ = {
			isa = XCBuildConfiguration;
			buildSettings = {
				CODE_SIGN_STYLE = Automatic;
				CURRENT_PROJECT_VERSION = 1;
				DEVELOPMENT_TEAM = XS9UN8F2AX;
				GENERATE_INFOPLIST_FILE = YES;
				MARKETING_VERSION = 1.0;
				PRODUCT_BUNDLE_IDENTIFIER = com.youngtaek.MetalStudyUITests;
				PRODUCT_NAME = "$(TARGET_NAME)";
				SWIFT_EMIT_LOC_STRINGS = NO;
				SWIFT_VERSION = 5.0;
				TARGETED_DEVICE_FAMILY = "1,2";
				TEST_TARGET_NAME = MetalStudy;
			};
			name = Release;
		};
/* End XCBuildConfiguration section */

/* Begin XCConfigurationList section */
		3D6F675A2DE3853C009CBEE4 /* Build configuration list for PBXProject "MetalStudy" */ = {
			isa = XCConfigurationList;
			buildConfigurations = (
				3D6F67812DE3853E009CBEE4 /* Debug */,
				3D6F67822DE3853E009CBEE4 /* Release */,
			);
			defaultConfigurationIsVisible = 0;
			defaultConfigurationName = Release;
		};
		3D6F67832DE3853E009CBEE4 /* Build configuration list for PBXNativeTarget "MetalStudy" */ = {
			isa = XCConfigurationList;
			buildConfigurations = (
				3D6F67842DE3853E009CBEE4 /* Debug */,
				3D6F67852DE3853E009CBEE4 /* Release */,
			);
			defaultConfigurationIsVisible = 0;
			defaultConfigurationName = Release;
		};
		3D6F67862DE3853E009CBEE4 /* Build configuration list for PBXNativeTarget "MetalStudyTests" */ = {
			isa = XCConfigurationList;
			buildConfigurations = (
				3D6F67872DE3853E009CBEE4 /* Debug */,
				3D6F67882DE3853E009CBEE4 /* Release */,
			);
			defaultConfigurationIsVisible = 0;
			defaultConfigurationName = Release;
		};
		3D6F67892DE3853E009CBEE4 /* Build configuration list for PBXNativeTarget "MetalStudyUITests" */ = {
			isa = XCConfigurationList;
			buildConfigurations = (
				3D6F678A2DE3853E009CBEE4 /* Debug */,
				3D6F678B2DE3853E009CBEE4 /* Release */,
			);
			defaultConfigurationIsVisible = 0;
			defaultConfigurationName = Release;
		};
/* End XCConfigurationList section */
	};
	rootObject = 3D6F67572DE3853C009CBEE4 /* Project object */;
}
