// !$*UTF8*$!
{
	archiveVersion = 1;
	classes = {
	};
	objectVersion = 77;
	objects = {

/* Begin PBXContainerItemProxy section */
		3D9AC8912D72DB5C00C24FE6 /* PBXContainerItemProxy */ = {
			isa = PBXContainerItemProxy;
			containerPortal = 3D9AC8722D72DB5B00C24FE6 /* Project object */;
			proxyType = 1;
			remoteGlobalIDString = 3D9AC8792D72DB5B00C24FE6;
			remoteInfo = MapKitPractice;
		};
		3D9AC89B2D72DB5C00C24FE6 /* PBXContainerItemProxy */ = {
			isa = PBXContainerItemProxy;
			containerPortal = 3D9AC8722D72DB5B00C24FE6 /* Project object */;
			proxyType = 1;
			remoteGlobalIDString = 3D9AC8792D72DB5B00C24FE6;
			remoteInfo = MapKitPractice;
		};
/* End PBXContainerItemProxy section */

/* Begin PBXFileReference section */
		3D9AC87A2D72DB5B00C24FE6 /* MapKitPractice.app */ = {isa = PBXFileReference; explicitFileType = wrapper.application; includeInIndex = 0; path = MapKitPractice.app; sourceTree = BUILT_PRODUCTS_DIR; };
		3D9AC8902D72DB5C00C24FE6 /* MapKitPracticeTests.xctest */ = {isa = PBXFileReference; explicitFileType = wrapper.cfbundle; includeInIndex = 0; path = MapKitPracticeTests.xctest; sourceTree = BUILT_PRODUCTS_DIR; };
		3D9AC89A2D72DB5C00C24FE6 /* MapKitPracticeUITests.xctest */ = {isa = PBXFileReference; explicitFileType = wrapper.cfbundle; includeInIndex = 0; path = MapKitPracticeUITests.xctest; sourceTree = BUILT_PRODUCTS_DIR; };
/* End PBXFileReference section */

/* Begin PBXFileSystemSynchronizedBuildFileExceptionSet section */
		3D9AC8A22D72DB5C00C24FE6 /* Exceptions for "MapKitPractice" folder in "MapKitPractice" target */ = {
			isa = PBXFileSystemSynchronizedBuildFileExceptionSet;
			membershipExceptions = (
				Info.plist,
			);
			target = 3D9AC8792D72DB5B00C24FE6 /* MapKitPractice */;
		};
/* End PBXFileSystemSynchronizedBuildFileExceptionSet section */

/* Begin PBXFileSystemSynchronizedRootGroup section */
		3D9AC87C2D72DB5B00C24FE6 /* MapKitPractice */ = {
			isa = PBXFileSystemSynchronizedRootGroup;
			exceptions = (
				3D9AC8A22D72DB5C00C24FE6 /* Exceptions for "MapKitPractice" folder in "MapKitPractice" target */,
			);
			path = MapKitPractice;
			sourceTree = "<group>";
		};
		3D9AC8932D72DB5C00C24FE6 /* MapKitPracticeTests */ = {
			isa = PBXFileSystemSynchronizedRootGroup;
			path = MapKitPracticeTests;
			sourceTree = "<group>";
		};
		3D9AC89D2D72DB5C00C24FE6 /* MapKitPracticeUITests */ = {
			isa = PBXFileSystemSynchronizedRootGroup;
			path = MapKitPracticeUITests;
			sourceTree = "<group>";
		};
/* End PBXFileSystemSynchronizedRootGroup section */

/* Begin PBXFrameworksBuildPhase section */
		3D9AC8772D72DB5B00C24FE6 /* Frameworks */ = {
			isa = PBXFrameworksBuildPhase;
			buildActionMask = 2147483647;
			files = (
			);
			runOnlyForDeploymentPostprocessing = 0;
		};
		3D9AC88D2D72DB5C00C24FE6 /* Frameworks */ = {
			isa = PBXFrameworksBuildPhase;
			buildActionMask = 2147483647;
			files = (
			);
			runOnlyForDeploymentPostprocessing = 0;
		};
		3D9AC8972D72DB5C00C24FE6 /* Frameworks */ = {
			isa = PBXFrameworksBuildPhase;
			buildActionMask = 2147483647;
			files = (
			);
			runOnlyForDeploymentPostprocessing = 0;
		};
/* End PBXFrameworksBuildPhase section */

/* Begin PBXGroup section */
		3D9AC8712D72DB5B00C24FE6 = {
			isa = PBXGroup;
			children = (
				3D9AC87C2D72DB5B00C24FE6 /* MapKitPractice */,
				3D9AC8932D72DB5C00C24FE6 /* MapKitPracticeTests */,
				3D9AC89D2D72DB5C00C24FE6 /* MapKitPracticeUITests */,
				3D9AC87B2D72DB5B00C24FE6 /* Products */,
			);
			sourceTree = "<group>";
		};
		3D9AC87B2D72DB5B00C24FE6 /* Products */ = {
			isa = PBXGroup;
			children = (
				3D9AC87A2D72DB5B00C24FE6 /* MapKitPractice.app */,
				3D9AC8902D72DB5C00C24FE6 /* MapKitPracticeTests.xctest */,
				3D9AC89A2D72DB5C00C24FE6 /* MapKitPracticeUITests.xctest */,
			);
			name = Products;
			sourceTree = "<group>";
		};
/* End PBXGroup section */

/* Begin PBXNativeTarget section */
		3D9AC8792D72DB5B00C24FE6 /* MapKitPractice */ = {
			isa = PBXNativeTarget;
			buildConfigurationList = 3D9AC8A32D72DB5C00C24FE6 /* Build configuration list for PBXNativeTarget "MapKitPractice" */;
			buildPhases = (
				3D9AC8762D72DB5B00C24FE6 /* Sources */,
				3D9AC8772D72DB5B00C24FE6 /* Frameworks */,
				3D9AC8782D72DB5B00C24FE6 /* Resources */,
			);
			buildRules = (
			);
			dependencies = (
			);
			fileSystemSynchronizedGroups = (
				3D9AC87C2D72DB5B00C24FE6 /* MapKitPractice */,
			);
			name = MapKitPractice;
			packageProductDependencies = (
			);
			productName = MapKitPractice;
			productReference = 3D9AC87A2D72DB5B00C24FE6 /* MapKitPractice.app */;
			productType = "com.apple.product-type.application";
		};
		3D9AC88F2D72DB5C00C24FE6 /* MapKitPracticeTests */ = {
			isa = PBXNativeTarget;
			buildConfigurationList = 3D9AC8A82D72DB5C00C24FE6 /* Build configuration list for PBXNativeTarget "MapKitPracticeTests" */;
			buildPhases = (
				3D9AC88C2D72DB5C00C24FE6 /* Sources */,
				3D9AC88D2D72DB5C00C24FE6 /* Frameworks */,
				3D9AC88E2D72DB5C00C24FE6 /* Resources */,
			);
			buildRules = (
			);
			dependencies = (
				3D9AC8922D72DB5C00C24FE6 /* PBXTargetDependency */,
			);
			fileSystemSynchronizedGroups = (
				3D9AC8932D72DB5C00C24FE6 /* MapKitPracticeTests */,
			);
			name = MapKitPracticeTests;
			packageProductDependencies = (
			);
			productName = MapKitPracticeTests;
			productReference = 3D9AC8902D72DB5C00C24FE6 /* MapKitPracticeTests.xctest */;
			productType = "com.apple.product-type.bundle.unit-test";
		};
		3D9AC8992D72DB5C00C24FE6 /* MapKitPracticeUITests */ = {
			isa = PBXNativeTarget;
			buildConfigurationList = 3D9AC8AB2D72DB5C00C24FE6 /* Build configuration list for PBXNativeTarget "MapKitPracticeUITests" */;
			buildPhases = (
				3D9AC8962D72DB5C00C24FE6 /* Sources */,
				3D9AC8972D72DB5C00C24FE6 /* Frameworks */,
				3D9AC8982D72DB5C00C24FE6 /* Resources */,
			);
			buildRules = (
			);
			dependencies = (
				3D9AC89C2D72DB5C00C24FE6 /* PBXTargetDependency */,
			);
			fileSystemSynchronizedGroups = (
				3D9AC89D2D72DB5C00C24FE6 /* MapKitPracticeUITests */,
			);
			name = MapKitPracticeUITests;
			packageProductDependencies = (
			);
			productName = MapKitPracticeUITests;
			productReference = 3D9AC89A2D72DB5C00C24FE6 /* MapKitPracticeUITests.xctest */;
			productType = "com.apple.product-type.bundle.ui-testing";
		};
/* End PBXNativeTarget section */

/* Begin PBXProject section */
		3D9AC8722D72DB5B00C24FE6 /* Project object */ = {
			isa = PBXProject;
			attributes = {
				BuildIndependentTargetsInParallel = 1;
				LastSwiftUpdateCheck = 1620;
				LastUpgradeCheck = 1620;
				TargetAttributes = {
					3D9AC8792D72DB5B00C24FE6 = {
						CreatedOnToolsVersion = 16.2;
					};
					3D9AC88F2D72DB5C00C24FE6 = {
						CreatedOnToolsVersion = 16.2;
						TestTargetID = 3D9AC8792D72DB5B00C24FE6;
					};
					3D9AC8992D72DB5C00C24FE6 = {
						CreatedOnToolsVersion = 16.2;
						TestTargetID = 3D9AC8792D72DB5B00C24FE6;
					};
				};
			};
			buildConfigurationList = 3D9AC8752D72DB5B00C24FE6 /* Build configuration list for PBXProject "MapKitPractice" */;
			developmentRegion = en;
			hasScannedForEncodings = 0;
			knownRegions = (
				en,
				Base,
			);
			mainGroup = 3D9AC8712D72DB5B00C24FE6;
			minimizedProjectReferenceProxies = 1;
			preferredProjectObjectVersion = 77;
			productRefGroup = 3D9AC87B2D72DB5B00C24FE6 /* Products */;
			projectDirPath = "";
			projectRoot = "";
			targets = (
				3D9AC8792D72DB5B00C24FE6 /* MapKitPractice */,
				3D9AC88F2D72DB5C00C24FE6 /* MapKitPracticeTests */,
				3D9AC8992D72DB5C00C24FE6 /* MapKitPracticeUITests */,
			);
		};
/* End PBXProject section */

/* Begin PBXResourcesBuildPhase section */
		3D9AC8782D72DB5B00C24FE6 /* Resources */ = {
			isa = PBXResourcesBuildPhase;
			buildActionMask = 2147483647;
			files = (
			);
			runOnlyForDeploymentPostprocessing = 0;
		};
		3D9AC88E2D72DB5C00C24FE6 /* Resources */ = {
			isa = PBXResourcesBuildPhase;
			buildActionMask = 2147483647;
			files = (
			);
			runOnlyForDeploymentPostprocessing = 0;
		};
		3D9AC8982D72DB5C00C24FE6 /* Resources */ = {
			isa = PBXResourcesBuildPhase;
			buildActionMask = 2147483647;
			files = (
			);
			runOnlyForDeploymentPostprocessing = 0;
		};
/* End PBXResourcesBuildPhase section */

/* Begin PBXSourcesBuildPhase section */
		3D9AC8762D72DB5B00C24FE6 /* Sources */ = {
			isa = PBXSourcesBuildPhase;
			buildActionMask = 2147483647;
			files = (
			);
			runOnlyForDeploymentPostprocessing = 0;
		};
		3D9AC88C2D72DB5C00C24FE6 /* Sources */ = {
			isa = PBXSourcesBuildPhase;
			buildActionMask = 2147483647;
			files = (
			);
			runOnlyForDeploymentPostprocessing = 0;
		};
		3D9AC8962D72DB5C00C24FE6 /* Sources */ = {
			isa = PBXSourcesBuildPhase;
			buildActionMask = 2147483647;
			files = (
			);
			runOnlyForDeploymentPostprocessing = 0;
		};
/* End PBXSourcesBuildPhase section */

/* Begin PBXTargetDependency section */
		3D9AC8922D72DB5C00C24FE6 /* PBXTargetDependency */ = {
			isa = PBXTargetDependency;
			target = 3D9AC8792D72DB5B00C24FE6 /* MapKitPractice */;
			targetProxy = 3D9AC8912D72DB5C00C24FE6 /* PBXContainerItemProxy */;
		};
		3D9AC89C2D72DB5C00C24FE6 /* PBXTargetDependency */ = {
			isa = PBXTargetDependency;
			target = 3D9AC8792D72DB5B00C24FE6 /* MapKitPractice */;
			targetProxy = 3D9AC89B2D72DB5C00C24FE6 /* PBXContainerItemProxy */;
		};
/* End PBXTargetDependency section */

/* Begin XCBuildConfiguration section */
		3D9AC8A42D72DB5C00C24FE6 /* Debug */ = {
			isa = XCBuildConfiguration;
			buildSettings = {
				ASSETCATALOG_COMPILER_APPICON_NAME = AppIcon;
				ASSETCATALOG_COMPILER_GLOBAL_ACCENT_COLOR_NAME = AccentColor;
				CODE_SIGN_STYLE = Automatic;
				CURRENT_PROJECT_VERSION = 1;
				DEVELOPMENT_TEAM = XS9UN8F2AX;
				GENERATE_INFOPLIST_FILE = YES;
				INFOPLIST_FILE = MapKitPractice/Info.plist;
				INFOPLIST_KEY_LSApplicationCategoryType = "";
				INFOPLIST_KEY_NSLocationAlwaysUsageDescription = "MapKit 연습을 위해 현재 위치에 접근합니다.";
				INFOPLIST_KEY_NSLocationWhenInUseUsageDescription = "MapKit 연습을 위해 현재 위치에 접근합니다.";
				INFOPLIST_KEY_UIApplicationSupportsIndirectInputEvents = YES;
				INFOPLIST_KEY_UILaunchStoryboardName = LaunchScreen;
				INFOPLIST_KEY_UISupportedInterfaceOrientations_iPad = "UIInterfaceOrientationPortrait UIInterfaceOrientationPortraitUpsideDown UIInterfaceOrientationLandscapeLeft UIInterfaceOrientationLandscapeRight";
				INFOPLIST_KEY_UISupportedInterfaceOrientations_iPhone = "UIInterfaceOrientationPortrait UIInterfaceOrientationLandscapeLeft UIInterfaceOrientationLandscapeRight";
				LD_RUNPATH_SEARCH_PATHS = (
					"$(inherited)",
					"@executable_path/Frameworks",
				);
				MARKETING_VERSION = 1.0;
				PRODUCT_BUNDLE_IDENTIFIER = com.youngtaek.MapKitPractice;
				PRODUCT_NAME = "$(TARGET_NAME)";
				SWIFT_EMIT_LOC_STRINGS = YES;
				SWIFT_VERSION = 5.0;
				TARGETED_DEVICE_FAMILY = "1,2";
			};
			name = Debug;
		};
		3D9AC8A52D72DB5C00C24FE6 /* Release */ = {
			isa = XCBuildConfiguration;
			buildSettings = {
				ASSETCATALOG_COMPILER_APPICON_NAME = AppIcon;
				ASSETCATALOG_COMPILER_GLOBAL_ACCENT_COLOR_NAME = AccentColor;
				CODE_SIGN_STYLE = Automatic;
				CURRENT_PROJECT_VERSION = 1;
				DEVELOPMENT_TEAM = XS9UN8F2AX;
				GENERATE_INFOPLIST_FILE = YES;
				INFOPLIST_FILE = MapKitPractice/Info.plist;
				INFOPLIST_KEY_LSApplicationCategoryType = "";
				INFOPLIST_KEY_NSLocationAlwaysUsageDescription = "MapKit 연습을 위해 현재 위치에 접근합니다.";
				INFOPLIST_KEY_NSLocationWhenInUseUsageDescription = "MapKit 연습을 위해 현재 위치에 접근합니다.";
				INFOPLIST_KEY_UIApplicationSupportsIndirectInputEvents = YES;
				INFOPLIST_KEY_UILaunchStoryboardName = LaunchScreen;
				INFOPLIST_KEY_UISupportedInterfaceOrientations_iPad = "UIInterfaceOrientationPortrait UIInterfaceOrientationPortraitUpsideDown UIInterfaceOrientationLandscapeLeft UIInterfaceOrientationLandscapeRight";
				INFOPLIST_KEY_UISupportedInterfaceOrientations_iPhone = "UIInterfaceOrientationPortrait UIInterfaceOrientationLandscapeLeft UIInterfaceOrientationLandscapeRight";
				LD_RUNPATH_SEARCH_PATHS = (
					"$(inherited)",
					"@executable_path/Frameworks",
				);
				MARKETING_VERSION = 1.0;
				PRODUCT_BUNDLE_IDENTIFIER = com.youngtaek.MapKitPractice;
				PRODUCT_NAME = "$(TARGET_NAME)";
				SWIFT_EMIT_LOC_STRINGS = YES;
				SWIFT_VERSION = 5.0;
				TARGETED_DEVICE_FAMILY = "1,2";
			};
			name = Release;
		};
		3D9AC8A62D72DB5C00C24FE6 /* Debug */ = {
			isa = XCBuildConfiguration;
			buildSettings = {
				ALWAYS_SEARCH_USER_PATHS = NO;
				ASSETCATALOG_COMPILER_GENERATE_SWIFT_ASSET_SYMBOL_EXTENSIONS = YES;
				CLANG_ANALYZER_NONNULL = YES;
				CLANG_ANALYZER_NUMBER_OBJECT_CONVERSION = YES_AGGRESSIVE;
				CLANG_CXX_LANGUAGE_STANDARD = "gnu++20";
				CLANG_ENABLE_MODULES = YES;
				CLANG_ENABLE_OBJC_ARC = YES;
				CLANG_ENABLE_OBJC_WEAK = YES;
				CLANG_WARN_BLOCK_CAPTURE_AUTORELEASING = YES;
				CLANG_WARN_BOOL_CONVERSION = YES;
				CLANG_WARN_COMMA = YES;
				CLANG_WARN_CONSTANT_CONVERSION = YES;
				CLANG_WARN_DEPRECATED_OBJC_IMPLEMENTATIONS = YES;
				CLANG_WARN_DIRECT_OBJC_ISA_USAGE = YES_ERROR;
				CLANG_WARN_DOCUMENTATION_COMMENTS = YES;
				CLANG_WARN_EMPTY_BODY = YES;
				CLANG_WARN_ENUM_CONVERSION = YES;
				CLANG_WARN_INFINITE_RECURSION = YES;
				CLANG_WARN_INT_CONVERSION = YES;
				CLANG_WARN_NON_LITERAL_NULL_CONVERSION = YES;
				CLANG_WARN_OBJC_IMPLICIT_RETAIN_SELF = YES;
				CLANG_WARN_OBJC_LITERAL_CONVERSION = YES;
				CLANG_WARN_OBJC_ROOT_CLASS = YES_ERROR;
				CLANG_WARN_QUOTED_INCLUDE_IN_FRAMEWORK_HEADER = YES;
				CLANG_WARN_RANGE_LOOP_ANALYSIS = YES;
				CLANG_WARN_STRICT_PROTOTYPES = YES;
				CLANG_WARN_SUSPICIOUS_MOVE = YES;
				CLANG_WARN_UNGUARDED_AVAILABILITY = YES_AGGRESSIVE;
				CLANG_WARN_UNREACHABLE_CODE = YES;
				CLANG_WARN__DUPLICATE_METHOD_MATCH = YES;
				COPY_PHASE_STRIP = NO;
				DEBUG_INFORMATION_FORMAT = dwarf;
				ENABLE_STRICT_OBJC_MSGSEND = YES;
				ENABLE_TESTABILITY = YES;
				ENABLE_USER_SCRIPT_SANDBOXING = YES;
				GCC_C_LANGUAGE_STANDARD = gnu17;
				GCC_DYNAMIC_NO_PIC = NO;
				GCC_NO_COMMON_BLOCKS = YES;
				GCC_OPTIMIZATION_LEVEL = 0;
				GCC_PREPROCESSOR_DEFINITIONS = (
					"DEBUG=1",
					"$(inherited)",
				);
				GCC_WARN_64_TO_32_BIT_CONVERSION = YES;
				GCC_WARN_ABOUT_RETURN_TYPE = YES_ERROR;
				GCC_WARN_UNDECLARED_SELECTOR = YES;
				GCC_WARN_UNINITIALIZED_AUTOS = YES_AGGRESSIVE;
				GCC_WARN_UNUSED_FUNCTION = YES;
				GCC_WARN_UNUSED_VARIABLE = YES;
				IPHONEOS_DEPLOYMENT_TARGET = 18.2;
				LOCALIZATION_PREFERS_STRING_CATALOGS = YES;
				MTL_ENABLE_DEBUG_INFO = INCLUDE_SOURCE;
				MTL_FAST_MATH = YES;
				ONLY_ACTIVE_ARCH = YES;
				SDKROOT = iphoneos;
				SWIFT_ACTIVE_COMPILATION_CONDITIONS = "DEBUG $(inherited)";
				SWIFT_OPTIMIZATION_LEVEL = "-Onone";
			};
			name = Debug;
		};
		3D9AC8A72D72DB5C00C24FE6 /* Release */ = {
			isa = XCBuildConfiguration;
			buildSettings = {
				ALWAYS_SEARCH_USER_PATHS = NO;
				ASSETCATALOG_COMPILER_GENERATE_SWIFT_ASSET_SYMBOL_EXTENSIONS = YES;
				CLANG_ANALYZER_NONNULL = YES;
				CLANG_ANALYZER_NUMBER_OBJECT_CONVERSION = YES_AGGRESSIVE;
				CLANG_CXX_LANGUAGE_STANDARD = "gnu++20";
				CLANG_ENABLE_MODULES = YES;
				CLANG_ENABLE_OBJC_ARC = YES;
				CLANG_ENABLE_OBJC_WEAK = YES;
				CLANG_WARN_BLOCK_CAPTURE_AUTORELEASING = YES;
				CLANG_WARN_BOOL_CONVERSION = YES;
				CLANG_WARN_COMMA = YES;
				CLANG_WARN_CONSTANT_CONVERSION = YES;
				CLANG_WARN_DEPRECATED_OBJC_IMPLEMENTATIONS = YES;
				CLANG_WARN_DIRECT_OBJC_ISA_USAGE = YES_ERROR;
				CLANG_WARN_DOCUMENTATION_COMMENTS = YES;
				CLANG_WARN_EMPTY_BODY = YES;
				CLANG_WARN_ENUM_CONVERSION = YES;
				CLANG_WARN_INFINITE_RECURSION = YES;
				CLANG_WARN_INT_CONVERSION = YES;
				CLANG_WARN_NON_LITERAL_NULL_CONVERSION = YES;
				CLANG_WARN_OBJC_IMPLICIT_RETAIN_SELF = YES;
				CLANG_WARN_OBJC_LITERAL_CONVERSION = YES;
				CLANG_WARN_OBJC_ROOT_CLASS = YES_ERROR;
				CLANG_WARN_QUOTED_INCLUDE_IN_FRAMEWORK_HEADER = YES;
				CLANG_WARN_RANGE_LOOP_ANALYSIS = YES;
				CLANG_WARN_STRICT_PROTOTYPES = YES;
				CLANG_WARN_SUSPICIOUS_MOVE = YES;
				CLANG_WARN_UNGUARDED_AVAILABILITY = YES_AGGRESSIVE;
				CLANG_WARN_UNREACHABLE_CODE = YES;
				CLANG_WARN__DUPLICATE_METHOD_MATCH = YES;
				COPY_PHASE_STRIP = NO;
				DEBUG_INFORMATION_FORMAT = "dwarf-with-dsym";
				ENABLE_NS_ASSERTIONS = NO;
				ENABLE_STRICT_OBJC_MSGSEND = YES;
				ENABLE_USER_SCRIPT_SANDBOXING = YES;
				GCC_C_LANGUAGE_STANDARD = gnu17;
				GCC_NO_COMMON_BLOCKS = YES;
				GCC_WARN_64_TO_32_BIT_CONVERSION = YES;
				GCC_WARN_ABOUT_RETURN_TYPE = YES_ERROR;
				GCC_WARN_UNDECLARED_SELECTOR = YES;
				GCC_WARN_UNINITIALIZED_AUTOS = YES_AGGRESSIVE;
				GCC_WARN_UNUSED_FUNCTION = YES;
				GCC_WARN_UNUSED_VARIABLE = YES;
				IPHONEOS_DEPLOYMENT_TARGET = 18.2;
				LOCALIZATION_PREFERS_STRING_CATALOGS = YES;
				MTL_ENABLE_DEBUG_INFO = NO;
				MTL_FAST_MATH = YES;
				SDKROOT = iphoneos;
				SWIFT_COMPILATION_MODE = wholemodule;
				VALIDATE_PRODUCT = YES;
			};
			name = Release;
		};
		3D9AC8A92D72DB5C00C24FE6 /* Debug */ = {
			isa = XCBuildConfiguration;
			buildSettings = {
				BUNDLE_LOADER = "$(TEST_HOST)";
				CODE_SIGN_STYLE = Automatic;
				CURRENT_PROJECT_VERSION = 1;
				DEVELOPMENT_TEAM = XS9UN8F2AX;
				GENERATE_INFOPLIST_FILE = YES;
				IPHONEOS_DEPLOYMENT_TARGET = 18.2;
				MARKETING_VERSION = 1.0;
				PRODUCT_BUNDLE_IDENTIFIER = com.youngtaek.MapKitPracticeTests;
				PRODUCT_NAME = "$(TARGET_NAME)";
				SWIFT_EMIT_LOC_STRINGS = NO;
				SWIFT_VERSION = 5.0;
				TARGETED_DEVICE_FAMILY = "1,2";
				TEST_HOST = "$(BUILT_PRODUCTS_DIR)/MapKitPractice.app/$(BUNDLE_EXECUTABLE_FOLDER_PATH)/MapKitPractice";
			};
			name = Debug;
		};
		3D9AC8AA2D72DB5C00C24FE6 /* Release */ = {
			isa = XCBuildConfiguration;
			buildSettings = {
				BUNDLE_LOADER = "$(TEST_HOST)";
				CODE_SIGN_STYLE = Automatic;
				CURRENT_PROJECT_VERSION = 1;
				DEVELOPMENT_TEAM = XS9UN8F2AX;
				GENERATE_INFOPLIST_FILE = YES;
				IPHONEOS_DEPLOYMENT_TARGET = 18.2;
				MARKETING_VERSION = 1.0;
				PRODUCT_BUNDLE_IDENTIFIER = com.youngtaek.MapKitPracticeTests;
				PRODUCT_NAME = "$(TARGET_NAME)";
				SWIFT_EMIT_LOC_STRINGS = NO;
				SWIFT_VERSION = 5.0;
				TARGETED_DEVICE_FAMILY = "1,2";
				TEST_HOST = "$(BUILT_PRODUCTS_DIR)/MapKitPractice.app/$(BUNDLE_EXECUTABLE_FOLDER_PATH)/MapKitPractice";
			};
			name = Release;
		};
		3D9AC8AC2D72DB5C00C24FE6 /* Debug */ = {
			isa = XCBuildConfiguration;
			buildSettings = {
				CODE_SIGN_STYLE = Automatic;
				CURRENT_PROJECT_VERSION = 1;
				DEVELOPMENT_TEAM = XS9UN8F2AX;
				GENERATE_INFOPLIST_FILE = YES;
				MARKETING_VERSION = 1.0;
				PRODUCT_BUNDLE_IDENTIFIER = com.youngtaek.MapKitPracticeUITests;
				PRODUCT_NAME = "$(TARGET_NAME)";
				SWIFT_EMIT_LOC_STRINGS = NO;
				SWIFT_VERSION = 5.0;
				TARGETED_DEVICE_FAMILY = "1,2";
				TEST_TARGET_NAME = MapKitPractice;
			};
			name = Debug;
		};
		3D9AC8AD2D72DB5C00C24FE6 /* Release */ = {
			isa = XCBuildConfiguration;
			buildSettings = {
				CODE_SIGN_STYLE = Automatic;
				CURRENT_PROJECT_VERSION = 1;
				DEVELOPMENT_TEAM = XS9UN8F2AX;
				GENERATE_INFOPLIST_FILE = YES;
				MARKETING_VERSION = 1.0;
				PRODUCT_BUNDLE_IDENTIFIER = com.youngtaek.MapKitPracticeUITests;
				PRODUCT_NAME = "$(TARGET_NAME)";
				SWIFT_EMIT_LOC_STRINGS = NO;
				SWIFT_VERSION = 5.0;
				TARGETED_DEVICE_FAMILY = "1,2";
				TEST_TARGET_NAME = MapKitPractice;
			};
			name = Release;
		};
/* End XCBuildConfiguration section */

/* Begin XCConfigurationList section */
		3D9AC8752D72DB5B00C24FE6 /* Build configuration list for PBXProject "MapKitPractice" */ = {
			isa = XCConfigurationList;
			buildConfigurations = (
				3D9AC8A62D72DB5C00C24FE6 /* Debug */,
				3D9AC8A72D72DB5C00C24FE6 /* Release */,
			);
			defaultConfigurationIsVisible = 0;
			defaultConfigurationName = Release;
		};
		3D9AC8A32D72DB5C00C24FE6 /* Build configuration list for PBXNativeTarget "MapKitPractice" */ = {
			isa = XCConfigurationList;
			buildConfigurations = (
				3D9AC8A42D72DB5C00C24FE6 /* Debug */,
				3D9AC8A52D72DB5C00C24FE6 /* Release */,
			);
			defaultConfigurationIsVisible = 0;
			defaultConfigurationName = Release;
		};
		3D9AC8A82D72DB5C00C24FE6 /* Build configuration list for PBXNativeTarget "MapKitPracticeTests" */ = {
			isa = XCConfigurationList;
			buildConfigurations = (
				3D9AC8A92D72DB5C00C24FE6 /* Debug */,
				3D9AC8AA2D72DB5C00C24FE6 /* Release */,
			);
			defaultConfigurationIsVisible = 0;
			defaultConfigurationName = Release;
		};
		3D9AC8AB2D72DB5C00C24FE6 /* Build configuration list for PBXNativeTarget "MapKitPracticeUITests" */ = {
			isa = XCConfigurationList;
			buildConfigurations = (
				3D9AC8AC2D72DB5C00C24FE6 /* Debug */,
				3D9AC8AD2D72DB5C00C24FE6 /* Release */,
			);
			defaultConfigurationIsVisible = 0;
			defaultConfigurationName = Release;
		};
/* End XCConfigurationList section */
	};
	rootObject = 3D9AC8722D72DB5B00C24FE6 /* Project object */;
}
