// !$*UTF8*$!
{
	archiveVersion = 1;
	classes = {
	};
	objectVersion = 77;
	objects = {

/* Begin PBXContainerItemProxy section */
		3D99BD1E2DB0BA1500DC6FAE /* PBXContainerItemProxy */ = {
			isa = PBXContainerItemProxy;
			containerPortal = 3D99BD052DB0BA1400DC6FAE /* Project object */;
			proxyType = 1;
			remoteGlobalIDString = 3D99BD0C2DB0BA1400DC6FAE;
			remoteInfo = SwiftDataExample;
		};
		3D99BD282DB0BA1500DC6FAE /* PBXContainerItemProxy */ = {
			isa = PBXContainerItemProxy;
			containerPortal = 3D99BD052DB0BA1400DC6FAE /* Project object */;
			proxyType = 1;
			remoteGlobalIDString = 3D99BD0C2DB0BA1400DC6FAE;
			remoteInfo = SwiftDataExample;
		};
/* End PBXContainerItemProxy section */

/* Begin PBXFileReference section */
		3D99BD0D2DB0BA1400DC6FAE /* SwiftDataExample.app */ = {isa = PBXFileReference; explicitFileType = wrapper.application; includeInIndex = 0; path = SwiftDataExample.app; sourceTree = BUILT_PRODUCTS_DIR; };
		3D99BD1D2DB0BA1500DC6FAE /* SwiftDataExampleTests.xctest */ = {isa = PBXFileReference; explicitFileType = wrapper.cfbundle; includeInIndex = 0; path = SwiftDataExampleTests.xctest; sourceTree = BUILT_PRODUCTS_DIR; };
		3D99BD272DB0BA1500DC6FAE /* SwiftDataExampleUITests.xctest */ = {isa = PBXFileReference; explicitFileType = wrapper.cfbundle; includeInIndex = 0; path = SwiftDataExampleUITests.xctest; sourceTree = BUILT_PRODUCTS_DIR; };
/* End PBXFileReference section */

/* Begin PBXFileSystemSynchronizedRootGroup section */
		3D99BD0F2DB0BA1400DC6FAE /* SwiftDataExample */ = {
			isa = PBXFileSystemSynchronizedRootGroup;
			path = SwiftDataExample;
			sourceTree = "<group>";
		};
		3D99BD202DB0BA1500DC6FAE /* SwiftDataExampleTests */ = {
			isa = PBXFileSystemSynchronizedRootGroup;
			path = SwiftDataExampleTests;
			sourceTree = "<group>";
		};
		3D99BD2A2DB0BA1500DC6FAE /* SwiftDataExampleUITests */ = {
			isa = PBXFileSystemSynchronizedRootGroup;
			path = SwiftDataExampleUITests;
			sourceTree = "<group>";
		};
/* End PBXFileSystemSynchronizedRootGroup section */

/* Begin PBXFrameworksBuildPhase section */
		3D99BD0A2DB0BA1400DC6FAE /* Frameworks */ = {
			isa = PBXFrameworksBuildPhase;
			buildActionMask = 2147483647;
			files = (
			);
			runOnlyForDeploymentPostprocessing = 0;
		};
		3D99BD1A2DB0BA1500DC6FAE /* Frameworks */ = {
			isa = PBXFrameworksBuildPhase;
			buildActionMask = 2147483647;
			files = (
			);
			runOnlyForDeploymentPostprocessing = 0;
		};
		3D99BD242DB0BA1500DC6FAE /* Frameworks */ = {
			isa = PBXFrameworksBuildPhase;
			buildActionMask = 2147483647;
			files = (
			);
			runOnlyForDeploymentPostprocessing = 0;
		};
/* End PBXFrameworksBuildPhase section */

/* Begin PBXGroup section */
		3D99BD042DB0BA1400DC6FAE = {
			isa = PBXGroup;
			children = (
				3D99BD0F2DB0BA1400DC6FAE /* SwiftDataExample */,
				3D99BD202DB0BA1500DC6FAE /* SwiftDataExampleTests */,
				3D99BD2A2DB0BA1500DC6FAE /* SwiftDataExampleUITests */,
				3D99BD0E2DB0BA1400DC6FAE /* Products */,
			);
			sourceTree = "<group>";
		};
		3D99BD0E2DB0BA1400DC6FAE /* Products */ = {
			isa = PBXGroup;
			children = (
				3D99BD0D2DB0BA1400DC6FAE /* SwiftDataExample.app */,
				3D99BD1D2DB0BA1500DC6FAE /* SwiftDataExampleTests.xctest */,
				3D99BD272DB0BA1500DC6FAE /* SwiftDataExampleUITests.xctest */,
			);
			name = Products;
			sourceTree = "<group>";
		};
/* End PBXGroup section */

/* Begin PBXNativeTarget section */
		3D99BD0C2DB0BA1400DC6FAE /* SwiftDataExample */ = {
			isa = PBXNativeTarget;
			buildConfigurationList = 3D99BD312DB0BA1500DC6FAE /* Build configuration list for PBXNativeTarget "SwiftDataExample" */;
			buildPhases = (
				3D99BD092DB0BA1400DC6FAE /* Sources */,
				3D99BD0A2DB0BA1400DC6FAE /* Frameworks */,
				3D99BD0B2DB0BA1400DC6FAE /* Resources */,
			);
			buildRules = (
			);
			dependencies = (
			);
			fileSystemSynchronizedGroups = (
				3D99BD0F2DB0BA1400DC6FAE /* SwiftDataExample */,
			);
			name = SwiftDataExample;
			packageProductDependencies = (
			);
			productName = SwiftDataExample;
			productReference = 3D99BD0D2DB0BA1400DC6FAE /* SwiftDataExample.app */;
			productType = "com.apple.product-type.application";
		};
		3D99BD1C2DB0BA1500DC6FAE /* SwiftDataExampleTests */ = {
			isa = PBXNativeTarget;
			buildConfigurationList = 3D99BD342DB0BA1500DC6FAE /* Build configuration list for PBXNativeTarget "SwiftDataExampleTests" */;
			buildPhases = (
				3D99BD192DB0BA1500DC6FAE /* Sources */,
				3D99BD1A2DB0BA1500DC6FAE /* Frameworks */,
				3D99BD1B2DB0BA1500DC6FAE /* Resources */,
			);
			buildRules = (
			);
			dependencies = (
				3D99BD1F2DB0BA1500DC6FAE /* PBXTargetDependency */,
			);
			fileSystemSynchronizedGroups = (
				3D99BD202DB0BA1500DC6FAE /* SwiftDataExampleTests */,
			);
			name = SwiftDataExampleTests;
			packageProductDependencies = (
			);
			productName = SwiftDataExampleTests;
			productReference = 3D99BD1D2DB0BA1500DC6FAE /* SwiftDataExampleTests.xctest */;
			productType = "com.apple.product-type.bundle.unit-test";
		};
		3D99BD262DB0BA1500DC6FAE /* SwiftDataExampleUITests */ = {
			isa = PBXNativeTarget;
			buildConfigurationList = 3D99BD372DB0BA1500DC6FAE /* Build configuration list for PBXNativeTarget "SwiftDataExampleUITests" */;
			buildPhases = (
				3D99BD232DB0BA1500DC6FAE /* Sources */,
				3D99BD242DB0BA1500DC6FAE /* Frameworks */,
				3D99BD252DB0BA1500DC6FAE /* Resources */,
			);
			buildRules = (
			);
			dependencies = (
				3D99BD292DB0BA1500DC6FAE /* PBXTargetDependency */,
			);
			fileSystemSynchronizedGroups = (
				3D99BD2A2DB0BA1500DC6FAE /* SwiftDataExampleUITests */,
			);
			name = SwiftDataExampleUITests;
			packageProductDependencies = (
			);
			productName = SwiftDataExampleUITests;
			productReference = 3D99BD272DB0BA1500DC6FAE /* SwiftDataExampleUITests.xctest */;
			productType = "com.apple.product-type.bundle.ui-testing";
		};
/* End PBXNativeTarget section */

/* Begin PBXProject section */
		3D99BD052DB0BA1400DC6FAE /* Project object */ = {
			isa = PBXProject;
			attributes = {
				BuildIndependentTargetsInParallel = 1;
				LastSwiftUpdateCheck = 1620;
				LastUpgradeCheck = 1620;
				TargetAttributes = {
					3D99BD0C2DB0BA1400DC6FAE = {
						CreatedOnToolsVersion = 16.2;
					};
					3D99BD1C2DB0BA1500DC6FAE = {
						CreatedOnToolsVersion = 16.2;
						TestTargetID = 3D99BD0C2DB0BA1400DC6FAE;
					};
					3D99BD262DB0BA1500DC6FAE = {
						CreatedOnToolsVersion = 16.2;
						TestTargetID = 3D99BD0C2DB0BA1400DC6FAE;
					};
				};
			};
			buildConfigurationList = 3D99BD082DB0BA1400DC6FAE /* Build configuration list for PBXProject "SwiftDataExample" */;
			developmentRegion = en;
			hasScannedForEncodings = 0;
			knownRegions = (
				en,
				Base,
			);
			mainGroup = 3D99BD042DB0BA1400DC6FAE;
			minimizedProjectReferenceProxies = 1;
			preferredProjectObjectVersion = 77;
			productRefGroup = 3D99BD0E2DB0BA1400DC6FAE /* Products */;
			projectDirPath = "";
			projectRoot = "";
			targets = (
				3D99BD0C2DB0BA1400DC6FAE /* SwiftDataExample */,
				3D99BD1C2DB0BA1500DC6FAE /* SwiftDataExampleTests */,
				3D99BD262DB0BA1500DC6FAE /* SwiftDataExampleUITests */,
			);
		};
/* End PBXProject section */

/* Begin PBXResourcesBuildPhase section */
		3D99BD0B2DB0BA1400DC6FAE /* Resources */ = {
			isa = PBXResourcesBuildPhase;
			buildActionMask = 2147483647;
			files = (
			);
			runOnlyForDeploymentPostprocessing = 0;
		};
		3D99BD1B2DB0BA1500DC6FAE /* Resources */ = {
			isa = PBXResourcesBuildPhase;
			buildActionMask = 2147483647;
			files = (
			);
			runOnlyForDeploymentPostprocessing = 0;
		};
		3D99BD252DB0BA1500DC6FAE /* Resources */ = {
			isa = PBXResourcesBuildPhase;
			buildActionMask = 2147483647;
			files = (
			);
			runOnlyForDeploymentPostprocessing = 0;
		};
/* End PBXResourcesBuildPhase section */

/* Begin PBXSourcesBuildPhase section */
		3D99BD092DB0BA1400DC6FAE /* Sources */ = {
			isa = PBXSourcesBuildPhase;
			buildActionMask = 2147483647;
			files = (
			);
			runOnlyForDeploymentPostprocessing = 0;
		};
		3D99BD192DB0BA1500DC6FAE /* Sources */ = {
			isa = PBXSourcesBuildPhase;
			buildActionMask = 2147483647;
			files = (
			);
			runOnlyForDeploymentPostprocessing = 0;
		};
		3D99BD232DB0BA1500DC6FAE /* Sources */ = {
			isa = PBXSourcesBuildPhase;
			buildActionMask = 2147483647;
			files = (
			);
			runOnlyForDeploymentPostprocessing = 0;
		};
/* End PBXSourcesBuildPhase section */

/* Begin PBXTargetDependency section */
		3D99BD1F2DB0BA1500DC6FAE /* PBXTargetDependency */ = {
			isa = PBXTargetDependency;
			target = 3D99BD0C2DB0BA1400DC6FAE /* SwiftDataExample */;
			targetProxy = 3D99BD1E2DB0BA1500DC6FAE /* PBXContainerItemProxy */;
		};
		3D99BD292DB0BA1500DC6FAE /* PBXTargetDependency */ = {
			isa = PBXTargetDependency;
			target = 3D99BD0C2DB0BA1400DC6FAE /* SwiftDataExample */;
			targetProxy = 3D99BD282DB0BA1500DC6FAE /* PBXContainerItemProxy */;
		};
/* End PBXTargetDependency section */

/* Begin XCBuildConfiguration section */
		3D99BD2F2DB0BA1500DC6FAE /* Debug */ = {
			isa = XCBuildConfiguration;
			buildSettings = {
				ALWAYS_SEARCH_USER_PATHS = NO;
				ASSETCATALOG_COMPILER_GENERATE_SWIFT_ASSET_SYMBOL_EXTENSIONS = YES;
				CLANG_ANALYZER_NONNULL = YES;
				CLANG_ANALYZER_NUMBER_OBJECT_CONVERSION = YES_AGGRESSIVE;
				CLANG_CXX_LANGUAGE_STANDARD = "gnu++20";
				CLANG_ENABLE_MODULES = YES;
				CLANG_ENABLE_OBJC_ARC = YES;
				CLANG_ENABLE_OBJC_WEAK = YES;
				CLANG_WARN_BLOCK_CAPTURE_AUTORELEASING = YES;
				CLANG_WARN_BOOL_CONVERSION = YES;
				CLANG_WARN_COMMA = YES;
				CLANG_WARN_CONSTANT_CONVERSION = YES;
				CLANG_WARN_DEPRECATED_OBJC_IMPLEMENTATIONS = YES;
				CLANG_WARN_DIRECT_OBJC_ISA_USAGE = YES_ERROR;
				CLANG_WARN_DOCUMENTATION_COMMENTS = YES;
				CLANG_WARN_EMPTY_BODY = YES;
				CLANG_WARN_ENUM_CONVERSION = YES;
				CLANG_WARN_INFINITE_RECURSION = YES;
				CLANG_WARN_INT_CONVERSION = YES;
				CLANG_WARN_NON_LITERAL_NULL_CONVERSION = YES;
				CLANG_WARN_OBJC_IMPLICIT_RETAIN_SELF = YES;
				CLANG_WARN_OBJC_LITERAL_CONVERSION = YES;
				CLANG_WARN_OBJC_ROOT_CLASS = YES_ERROR;
				CLANG_WARN_QUOTED_INCLUDE_IN_FRAMEWORK_HEADER = YES;
				CLANG_WARN_RANGE_LOOP_ANALYSIS = YES;
				CLANG_WARN_STRICT_PROTOTYPES = YES;
				CLANG_WARN_SUSPICIOUS_MOVE = YES;
				CLANG_WARN_UNGUARDED_AVAILABILITY = YES_AGGRESSIVE;
				CLANG_WARN_UNREACHABLE_CODE = YES;
				CLANG_WARN__DUPLICATE_METHOD_MATCH = YES;
				COPY_PHASE_STRIP = NO;
				DEBUG_INFORMATION_FORMAT = dwarf;
				ENABLE_STRICT_OBJC_MSGSEND = YES;
				ENABLE_TESTABILITY = YES;
				ENABLE_USER_SCRIPT_SANDBOXING = YES;
				GCC_C_LANGUAGE_STANDARD = gnu17;
				GCC_DYNAMIC_NO_PIC = NO;
				GCC_NO_COMMON_BLOCKS = YES;
				GCC_OPTIMIZATION_LEVEL = 0;
				GCC_PREPROCESSOR_DEFINITIONS = (
					"DEBUG=1",
					"$(inherited)",
				);
				GCC_WARN_64_TO_32_BIT_CONVERSION = YES;
				GCC_WARN_ABOUT_RETURN_TYPE = YES_ERROR;
				GCC_WARN_UNDECLARED_SELECTOR = YES;
				GCC_WARN_UNINITIALIZED_AUTOS = YES_AGGRESSIVE;
				GCC_WARN_UNUSED_FUNCTION = YES;
				GCC_WARN_UNUSED_VARIABLE = YES;
				IPHONEOS_DEPLOYMENT_TARGET = 18.2;
				LOCALIZATION_PREFERS_STRING_CATALOGS = YES;
				MTL_ENABLE_DEBUG_INFO = INCLUDE_SOURCE;
				MTL_FAST_MATH = YES;
				ONLY_ACTIVE_ARCH = YES;
				SDKROOT = iphoneos;
				SWIFT_ACTIVE_COMPILATION_CONDITIONS = "DEBUG $(inherited)";
				SWIFT_OPTIMIZATION_LEVEL = "-Onone";
			};
			name = Debug;
		};
		3D99BD302DB0BA1500DC6FAE /* Release */ = {
			isa = XCBuildConfiguration;
			buildSettings = {
				ALWAYS_SEARCH_USER_PATHS = NO;
				ASSETCATALOG_COMPILER_GENERATE_SWIFT_ASSET_SYMBOL_EXTENSIONS = YES;
				CLANG_ANALYZER_NONNULL = YES;
				CLANG_ANALYZER_NUMBER_OBJECT_CONVERSION = YES_AGGRESSIVE;
				CLANG_CXX_LANGUAGE_STANDARD = "gnu++20";
				CLANG_ENABLE_MODULES = YES;
				CLANG_ENABLE_OBJC_ARC = YES;
				CLANG_ENABLE_OBJC_WEAK = YES;
				CLANG_WARN_BLOCK_CAPTURE_AUTORELEASING = YES;
				CLANG_WARN_BOOL_CONVERSION = YES;
				CLANG_WARN_COMMA = YES;
				CLANG_WARN_CONSTANT_CONVERSION = YES;
				CLANG_WARN_DEPRECATED_OBJC_IMPLEMENTATIONS = YES;
				CLANG_WARN_DIRECT_OBJC_ISA_USAGE = YES_ERROR;
				CLANG_WARN_DOCUMENTATION_COMMENTS = YES;
				CLANG_WARN_EMPTY_BODY = YES;
				CLANG_WARN_ENUM_CONVERSION = YES;
				CLANG_WARN_INFINITE_RECURSION = YES;
				CLANG_WARN_INT_CONVERSION = YES;
				CLANG_WARN_NON_LITERAL_NULL_CONVERSION = YES;
				CLANG_WARN_OBJC_IMPLICIT_RETAIN_SELF = YES;
				CLANG_WARN_OBJC_LITERAL_CONVERSION = YES;
				CLANG_WARN_OBJC_ROOT_CLASS = YES_ERROR;
				CLANG_WARN_QUOTED_INCLUDE_IN_FRAMEWORK_HEADER = YES;
				CLANG_WARN_RANGE_LOOP_ANALYSIS = YES;
				CLANG_WARN_STRICT_PROTOTYPES = YES;
				CLANG_WARN_SUSPICIOUS_MOVE = YES;
				CLANG_WARN_UNGUARDED_AVAILABILITY = YES_AGGRESSIVE;
				CLANG_WARN_UNREACHABLE_CODE = YES;
				CLANG_WARN__DUPLICATE_METHOD_MATCH = YES;
				COPY_PHASE_STRIP = NO;
				DEBUG_INFORMATION_FORMAT = "dwarf-with-dsym";
				ENABLE_NS_ASSERTIONS = NO;
				ENABLE_STRICT_OBJC_MSGSEND = YES;
				ENABLE_USER_SCRIPT_SANDBOXING = YES;
				GCC_C_LANGUAGE_STANDARD = gnu17;
				GCC_NO_COMMON_BLOCKS = YES;
				GCC_WARN_64_TO_32_BIT_CONVERSION = YES;
				GCC_WARN_ABOUT_RETURN_TYPE = YES_ERROR;
				GCC_WARN_UNDECLARED_SELECTOR = YES;
				GCC_WARN_UNINITIALIZED_AUTOS = YES_AGGRESSIVE;
				GCC_WARN_UNUSED_FUNCTION = YES;
				GCC_WARN_UNUSED_VARIABLE = YES;
				IPHONEOS_DEPLOYMENT_TARGET = 18.2;
				LOCALIZATION_PREFERS_STRING_CATALOGS = YES;
				MTL_ENABLE_DEBUG_INFO = NO;
				MTL_FAST_MATH = YES;
				SDKROOT = iphoneos;
				SWIFT_COMPILATION_MODE = wholemodule;
				VALIDATE_PRODUCT = YES;
			};
			name = Release;
		};
		3D99BD322DB0BA1500DC6FAE /* Debug */ = {
			isa = XCBuildConfiguration;
			buildSettings = {
				ASSETCATALOG_COMPILER_APPICON_NAME = AppIcon;
				ASSETCATALOG_COMPILER_GLOBAL_ACCENT_COLOR_NAME = AccentColor;
				CODE_SIGN_STYLE = Automatic;
				CURRENT_PROJECT_VERSION = 1;
				DEVELOPMENT_ASSET_PATHS = "\"SwiftDataExample/Preview Content\"";
				DEVELOPMENT_TEAM = XS9UN8F2AX;
				ENABLE_PREVIEWS = YES;
				GENERATE_INFOPLIST_FILE = YES;
				INFOPLIST_KEY_UIApplicationSceneManifest_Generation = YES;
				INFOPLIST_KEY_UIApplicationSupportsIndirectInputEvents = YES;
				INFOPLIST_KEY_UILaunchScreen_Generation = YES;
				INFOPLIST_KEY_UISupportedInterfaceOrientations_iPad = "UIInterfaceOrientationPortrait UIInterfaceOrientationPortraitUpsideDown UIInterfaceOrientationLandscapeLeft UIInterfaceOrientationLandscapeRight";
				INFOPLIST_KEY_UISupportedInterfaceOrientations_iPhone = "UIInterfaceOrientationPortrait UIInterfaceOrientationLandscapeLeft UIInterfaceOrientationLandscapeRight";
				LD_RUNPATH_SEARCH_PATHS = (
					"$(inherited)",
					"@executable_path/Frameworks",
				);
				MARKETING_VERSION = 1.0;
				PRODUCT_BUNDLE_IDENTIFIER = com.youngtaek.SwiftDataExample;
				PRODUCT_NAME = "$(TARGET_NAME)";
				SWIFT_EMIT_LOC_STRINGS = YES;
				SWIFT_VERSION = 5.0;
				TARGETED_DEVICE_FAMILY = "1,2";
			};
			name = Debug;
		};
		3D99BD332DB0BA1500DC6FAE /* Release */ = {
			isa = XCBuildConfiguration;
			buildSettings = {
				ASSETCATALOG_COMPILER_APPICON_NAME = AppIcon;
				ASSETCATALOG_COMPILER_GLOBAL_ACCENT_COLOR_NAME = AccentColor;
				CODE_SIGN_STYLE = Automatic;
				CURRENT_PROJECT_VERSION = 1;
				DEVELOPMENT_ASSET_PATHS = "\"SwiftDataExample/Preview Content\"";
				DEVELOPMENT_TEAM = XS9UN8F2AX;
				ENABLE_PREVIEWS = YES;
				GENERATE_INFOPLIST_FILE = YES;
				INFOPLIST_KEY_UIApplicationSceneManifest_Generation = YES;
				INFOPLIST_KEY_UIApplicationSupportsIndirectInputEvents = YES;
				INFOPLIST_KEY_UILaunchScreen_Generation = YES;
				INFOPLIST_KEY_UISupportedInterfaceOrientations_iPad = "UIInterfaceOrientationPortrait UIInterfaceOrientationPortraitUpsideDown UIInterfaceOrientationLandscapeLeft UIInterfaceOrientationLandscapeRight";
				INFOPLIST_KEY_UISupportedInterfaceOrientations_iPhone = "UIInterfaceOrientationPortrait UIInterfaceOrientationLandscapeLeft UIInterfaceOrientationLandscapeRight";
				LD_RUNPATH_SEARCH_PATHS = (
					"$(inherited)",
					"@executable_path/Frameworks",
				);
				MARKETING_VERSION = 1.0;
				PRODUCT_BUNDLE_IDENTIFIER = com.youngtaek.SwiftDataExample;
				PRODUCT_NAME = "$(TARGET_NAME)";
				SWIFT_EMIT_LOC_STRINGS = YES;
				SWIFT_VERSION = 5.0;
				TARGETED_DEVICE_FAMILY = "1,2";
			};
			name = Release;
		};
		3D99BD352DB0BA1500DC6FAE /* Debug */ = {
			isa = XCBuildConfiguration;
			buildSettings = {
				BUNDLE_LOADER = "$(TEST_HOST)";
				CODE_SIGN_STYLE = Automatic;
				CURRENT_PROJECT_VERSION = 1;
				DEVELOPMENT_TEAM = XS9UN8F2AX;
				GENERATE_INFOPLIST_FILE = YES;
				IPHONEOS_DEPLOYMENT_TARGET = 18.2;
				MARKETING_VERSION = 1.0;
				PRODUCT_BUNDLE_IDENTIFIER = com.youngtaek.SwiftDataExampleTests;
				PRODUCT_NAME = "$(TARGET_NAME)";
				SWIFT_EMIT_LOC_STRINGS = NO;
				SWIFT_VERSION = 5.0;
				TARGETED_DEVICE_FAMILY = "1,2";
				TEST_HOST = "$(BUILT_PRODUCTS_DIR)/SwiftDataExample.app/$(BUNDLE_EXECUTABLE_FOLDER_PATH)/SwiftDataExample";
			};
			name = Debug;
		};
		3D99BD362DB0BA1500DC6FAE /* Release */ = {
			isa = XCBuildConfiguration;
			buildSettings = {
				BUNDLE_LOADER = "$(TEST_HOST)";
				CODE_SIGN_STYLE = Automatic;
				CURRENT_PROJECT_VERSION = 1;
				DEVELOPMENT_TEAM = XS9UN8F2AX;
				GENERATE_INFOPLIST_FILE = YES;
				IPHONEOS_DEPLOYMENT_TARGET = 18.2;
				MARKETING_VERSION = 1.0;
				PRODUCT_BUNDLE_IDENTIFIER = com.youngtaek.SwiftDataExampleTests;
				PRODUCT_NAME = "$(TARGET_NAME)";
				SWIFT_EMIT_LOC_STRINGS = NO;
				SWIFT_VERSION = 5.0;
				TARGETED_DEVICE_FAMILY = "1,2";
				TEST_HOST = "$(BUILT_PRODUCTS_DIR)/SwiftDataExample.app/$(BUNDLE_EXECUTABLE_FOLDER_PATH)/SwiftDataExample";
			};
			name = Release;
		};
		3D99BD382DB0BA1500DC6FAE /* Debug */ = {
			isa = XCBuildConfiguration;
			buildSettings = {
				CODE_SIGN_STYLE = Automatic;
				CURRENT_PROJECT_VERSION = 1;
				DEVELOPMENT_TEAM = XS9UN8F2AX;
				GENERATE_INFOPLIST_FILE = YES;
				MARKETING_VERSION = 1.0;
				PRODUCT_BUNDLE_IDENTIFIER = com.youngtaek.SwiftDataExampleUITests;
				PRODUCT_NAME = "$(TARGET_NAME)";
				SWIFT_EMIT_LOC_STRINGS = NO;
				SWIFT_VERSION = 5.0;
				TARGETED_DEVICE_FAMILY = "1,2";
				TEST_TARGET_NAME = SwiftDataExample;
			};
			name = Debug;
		};
		3D99BD392DB0BA1500DC6FAE /* Release */ = {
			isa = XCBuildConfiguration;
			buildSettings = {
				CODE_SIGN_STYLE = Automatic;
				CURRENT_PROJECT_VERSION = 1;
				DEVELOPMENT_TEAM = XS9UN8F2AX;
				GENERATE_INFOPLIST_FILE = YES;
				MARKETING_VERSION = 1.0;
				PRODUCT_BUNDLE_IDENTIFIER = com.youngtaek.SwiftDataExampleUITests;
				PRODUCT_NAME = "$(TARGET_NAME)";
				SWIFT_EMIT_LOC_STRINGS = NO;
				SWIFT_VERSION = 5.0;
				TARGETED_DEVICE_FAMILY = "1,2";
				TEST_TARGET_NAME = SwiftDataExample;
			};
			name = Release;
		};
/* End XCBuildConfiguration section */

/* Begin XCConfigurationList section */
		3D99BD082DB0BA1400DC6FAE /* Build configuration list for PBXProject "SwiftDataExample" */ = {
			isa = XCConfigurationList;
			buildConfigurations = (
				3D99BD2F2DB0BA1500DC6FAE /* Debug */,
				3D99BD302DB0BA1500DC6FAE /* Release */,
			);
			defaultConfigurationIsVisible = 0;
			defaultConfigurationName = Release;
		};
		3D99BD312DB0BA1500DC6FAE /* Build configuration list for PBXNativeTarget "SwiftDataExample" */ = {
			isa = XCConfigurationList;
			buildConfigurations = (
				3D99BD322DB0BA1500DC6FAE /* Debug */,
				3D99BD332DB0BA1500DC6FAE /* Release */,
			);
			defaultConfigurationIsVisible = 0;
			defaultConfigurationName = Release;
		};
		3D99BD342DB0BA1500DC6FAE /* Build configuration list for PBXNativeTarget "SwiftDataExampleTests" */ = {
			isa = XCConfigurationList;
			buildConfigurations = (
				3D99BD352DB0BA1500DC6FAE /* Debug */,
				3D99BD362DB0BA1500DC6FAE /* Release */,
			);
			defaultConfigurationIsVisible = 0;
			defaultConfigurationName = Release;
		};
		3D99BD372DB0BA1500DC6FAE /* Build configuration list for PBXNativeTarget "SwiftDataExampleUITests" */ = {
			isa = XCConfigurationList;
			buildConfigurations = (
				3D99BD382DB0BA1500DC6FAE /* Debug */,
				3D99BD392DB0BA1500DC6FAE /* Release */,
			);
			defaultConfigurationIsVisible = 0;
			defaultConfigurationName = Release;
		};
/* End XCConfigurationList section */
	};
	rootObject = 3D99BD052DB0BA1400DC6FAE /* Project object */;
}
